// !$*UTF8*$!
{
	archiveVersion = 1;
	classes = {
	};
	objectVersion = 50;
	objects = {

/* Begin PBXBuildFile section */
		F5A55826255A579C00271C30 /* AppDelegate.swift in Sources */ = {isa = PBXBuildFile; fileRef = F5A55825255A579C00271C30 /* AppDelegate.swift */; };
		F5A55828255A579C00271C30 /* SceneDelegate.swift in Sources */ = {isa = PBXBuildFile; fileRef = F5A55827255A579C00271C30 /* SceneDelegate.swift */; };
		F5A5582A255A579C00271C30 /* MapScreen.swift in Sources */ = {isa = PBXBuildFile; fileRef = F5A55829255A579C00271C30 /* MapScreen.swift */; };
		F5A5582D255A579C00271C30 /* Main.storyboard in Resources */ = {isa = PBXBuildFile; fileRef = F5A5582B255A579C00271C30 /* Main.storyboard */; };
		F5A5582F255A579C00271C30 /* Assets.xcassets in Resources */ = {isa = PBXBuildFile; fileRef = F5A5582E255A579C00271C30 /* Assets.xcassets */; };
		F5A55832255A579C00271C30 /* LaunchScreen.storyboard in Resources */ = {isa = PBXBuildFile; fileRef = F5A55830255A579C00271C30 /* LaunchScreen.storyboard */; };
		F5A5583D255A579C00271C30 /* MappingTests.swift in Sources */ = {isa = PBXBuildFile; fileRef = F5A5583C255A579C00271C30 /* MappingTests.swift */; };
		F5A55848255A579C00271C30 /* MappingUITests.swift in Sources */ = {isa = PBXBuildFile; fileRef = F5A55847255A579C00271C30 /* MappingUITests.swift */; };
/* End PBXBuildFile section */

/* Begin PBXContainerItemProxy section */
		F5A55839255A579C00271C30 /* PBXContainerItemProxy */ = {
			isa = PBXContainerItemProxy;
			containerPortal = F5A5581A255A579B00271C30 /* Project object */;
			proxyType = 1;
			remoteGlobalIDString = F5A55821255A579C00271C30;
			remoteInfo = Mapping;
		};
		F5A55844255A579C00271C30 /* PBXContainerItemProxy */ = {
			isa = PBXContainerItemProxy;
			containerPortal = F5A5581A255A579B00271C30 /* Project object */;
			proxyType = 1;
			remoteGlobalIDString = F5A55821255A579C00271C30;
			remoteInfo = Mapping;
		};
/* End PBXContainerItemProxy section */

/* Begin PBXFileReference section */
		F5A55822255A579C00271C30 /* BountyRunner.app */ = {isa = PBXFileReference; explicitFileType = wrapper.application; includeInIndex = 0; path = BountyRunner.app; sourceTree = BUILT_PRODUCTS_DIR; };
		F5A55825255A579C00271C30 /* AppDelegate.swift */ = {isa = PBXFileReference; lastKnownFileType = sourcecode.swift; path = AppDelegate.swift; sourceTree = "<group>"; };
		F5A55827255A579C00271C30 /* SceneDelegate.swift */ = {isa = PBXFileReference; lastKnownFileType = sourcecode.swift; path = SceneDelegate.swift; sourceTree = "<group>"; };
		F5A55829255A579C00271C30 /* MapScreen.swift */ = {isa = PBXFileReference; lastKnownFileType = sourcecode.swift; path = MapScreen.swift; sourceTree = "<group>"; };
		F5A5582C255A579C00271C30 /* Base */ = {isa = PBXFileReference; lastKnownFileType = file.storyboard; name = Base; path = Base.lproj/Main.storyboard; sourceTree = "<group>"; };
		F5A5582E255A579C00271C30 /* Assets.xcassets */ = {isa = PBXFileReference; lastKnownFileType = folder.assetcatalog; path = Assets.xcassets; sourceTree = "<group>"; };
		F5A55831255A579C00271C30 /* Base */ = {isa = PBXFileReference; lastKnownFileType = file.storyboard; name = Base; path = Base.lproj/LaunchScreen.storyboard; sourceTree = "<group>"; };
		F5A55833255A579C00271C30 /* Info.plist */ = {isa = PBXFileReference; lastKnownFileType = text.plist.xml; path = Info.plist; sourceTree = "<group>"; };
		F5A55838255A579C00271C30 /* BountyRunnerTests.xctest */ = {isa = PBXFileReference; explicitFileType = wrapper.cfbundle; includeInIndex = 0; path = BountyRunnerTests.xctest; sourceTree = BUILT_PRODUCTS_DIR; };
		F5A5583C255A579C00271C30 /* MappingTests.swift */ = {isa = PBXFileReference; lastKnownFileType = sourcecode.swift; path = MappingTests.swift; sourceTree = "<group>"; };
		F5A5583E255A579C00271C30 /* Info.plist */ = {isa = PBXFileReference; lastKnownFileType = text.plist.xml; path = Info.plist; sourceTree = "<group>"; };
		F5A55843255A579C00271C30 /* BountyRunnerUITests.xctest */ = {isa = PBXFileReference; explicitFileType = wrapper.cfbundle; includeInIndex = 0; path = BountyRunnerUITests.xctest; sourceTree = BUILT_PRODUCTS_DIR; };
		F5A55847255A579C00271C30 /* MappingUITests.swift */ = {isa = PBXFileReference; lastKnownFileType = sourcecode.swift; path = MappingUITests.swift; sourceTree = "<group>"; };
		F5A55849255A579C00271C30 /* Info.plist */ = {isa = PBXFileReference; lastKnownFileType = text.plist.xml; path = Info.plist; sourceTree = "<group>"; };
/* End PBXFileReference section */

/* Begin PBXFrameworksBuildPhase section */
		F5A5581F255A579C00271C30 /* Frameworks */ = {
			isa = PBXFrameworksBuildPhase;
			buildActionMask = 2147483647;
			files = (
			);
			runOnlyForDeploymentPostprocessing = 0;
		};
		F5A55835255A579C00271C30 /* Frameworks */ = {
			isa = PBXFrameworksBuildPhase;
			buildActionMask = 2147483647;
			files = (
			);
			runOnlyForDeploymentPostprocessing = 0;
		};
		F5A55840255A579C00271C30 /* Frameworks */ = {
			isa = PBXFrameworksBuildPhase;
			buildActionMask = 2147483647;
			files = (
			);
			runOnlyForDeploymentPostprocessing = 0;
		};
/* End PBXFrameworksBuildPhase section */

/* Begin PBXGroup section */
		F5A55819255A579B00271C30 = {
			isa = PBXGroup;
			children = (
				F5A55824255A579C00271C30 /* Mapping */,
				F5A5583B255A579C00271C30 /* MappingTests */,
				F5A55846255A579C00271C30 /* MappingUITests */,
				F5A55823255A579C00271C30 /* Products */,
			);
			sourceTree = "<group>";
		};
		F5A55823255A579C00271C30 /* Products */ = {
			isa = PBXGroup;
			children = (
				F5A55822255A579C00271C30 /* BountyRunner.app */,
				F5A55838255A579C00271C30 /* BountyRunnerTests.xctest */,
				F5A55843255A579C00271C30 /* BountyRunnerUITests.xctest */,
			);
			name = Products;
			sourceTree = "<group>";
		};
		F5A55824255A579C00271C30 /* Mapping */ = {
			isa = PBXGroup;
			children = (
				F5A55825255A579C00271C30 /* AppDelegate.swift */,
				F5A55827255A579C00271C30 /* SceneDelegate.swift */,
				F5A55829255A579C00271C30 /* MapScreen.swift */,
				F5A5582B255A579C00271C30 /* Main.storyboard */,
				F5A5582E255A579C00271C30 /* Assets.xcassets */,
				F5A55830255A579C00271C30 /* LaunchScreen.storyboard */,
				F5A55833255A579C00271C30 /* Info.plist */,
			);
			path = Mapping;
			sourceTree = "<group>";
		};
		F5A5583B255A579C00271C30 /* MappingTests */ = {
			isa = PBXGroup;
			children = (
				F5A5583C255A579C00271C30 /* MappingTests.swift */,
				F5A5583E255A579C00271C30 /* Info.plist */,
			);
			path = MappingTests;
			sourceTree = "<group>";
		};
		F5A55846255A579C00271C30 /* MappingUITests */ = {
			isa = PBXGroup;
			children = (
				F5A55847255A579C00271C30 /* MappingUITests.swift */,
				F5A55849255A579C00271C30 /* Info.plist */,
			);
			path = MappingUITests;
			sourceTree = "<group>";
		};
/* End PBXGroup section */

/* Begin PBXNativeTarget section */
		F5A55821255A579C00271C30 /* BountyRunner */ = {
			isa = PBXNativeTarget;
			buildConfigurationList = F5A5584C255A579C00271C30 /* Build configuration list for PBXNativeTarget "BountyRunner" */;
			buildPhases = (
				F5A5581E255A579C00271C30 /* Sources */,
				F5A5581F255A579C00271C30 /* Frameworks */,
				F5A55820255A579C00271C30 /* Resources */,
			);
			buildRules = (
			);
			dependencies = (
			);
			name = BountyRunner;
			productName = Mapping;
			productReference = F5A55822255A579C00271C30 /* BountyRunner.app */;
			productType = "com.apple.product-type.application";
		};
		F5A55837255A579C00271C30 /* BountyRunnerTests */ = {
			isa = PBXNativeTarget;
			buildConfigurationList = F5A5584F255A579C00271C30 /* Build configuration list for PBXNativeTarget "BountyRunnerTests" */;
			buildPhases = (
				F5A55834255A579C00271C30 /* Sources */,
				F5A55835255A579C00271C30 /* Frameworks */,
				F5A55836255A579C00271C30 /* Resources */,
			);
			buildRules = (
			);
			dependencies = (
				F5A5583A255A579C00271C30 /* PBXTargetDependency */,
			);
			name = BountyRunnerTests;
			productName = MappingTests;
			productReference = F5A55838255A579C00271C30 /* BountyRunnerTests.xctest */;
			productType = "com.apple.product-type.bundle.unit-test";
		};
		F5A55842255A579C00271C30 /* BountyRunnerUITests */ = {
			isa = PBXNativeTarget;
			buildConfigurationList = F5A55852255A579C00271C30 /* Build configuration list for PBXNativeTarget "BountyRunnerUITests" */;
			buildPhases = (
				F5A5583F255A579C00271C30 /* Sources */,
				F5A55840255A579C00271C30 /* Frameworks */,
				F5A55841255A579C00271C30 /* Resources */,
			);
			buildRules = (
			);
			dependencies = (
				F5A55845255A579C00271C30 /* PBXTargetDependency */,
			);
			name = BountyRunnerUITests;
			productName = MappingUITests;
			productReference = F5A55843255A579C00271C30 /* BountyRunnerUITests.xctest */;
			productType = "com.apple.product-type.bundle.ui-testing";
		};
/* End PBXNativeTarget section */

/* Begin PBXProject section */
		F5A5581A255A579B00271C30 /* Project object */ = {
			isa = PBXProject;
			attributes = {
				LastSwiftUpdateCheck = 1140;
				LastUpgradeCheck = 1140;
				ORGANIZATIONNAME = "Geoffrey Hughes";
				TargetAttributes = {
					F5A55821255A579C00271C30 = {
						CreatedOnToolsVersion = 11.4.1;
					};
					F5A55837255A579C00271C30 = {
						CreatedOnToolsVersion = 11.4.1;
						TestTargetID = F5A55821255A579C00271C30;
					};
					F5A55842255A579C00271C30 = {
						CreatedOnToolsVersion = 11.4.1;
						TestTargetID = F5A55821255A579C00271C30;
					};
				};
			};
			buildConfigurationList = F5A5581D255A579B00271C30 /* Build configuration list for PBXProject "BountyRunner" */;
			compatibilityVersion = "Xcode 9.3";
			developmentRegion = en;
			hasScannedForEncodings = 0;
			knownRegions = (
				en,
				Base,
			);
			mainGroup = F5A55819255A579B00271C30;
			productRefGroup = F5A55823255A579C00271C30 /* Products */;
			projectDirPath = "";
			projectRoot = "";
			targets = (
				F5A55821255A579C00271C30 /* BountyRunner */,
				F5A55837255A579C00271C30 /* BountyRunnerTests */,
				F5A55842255A579C00271C30 /* BountyRunnerUITests */,
			);
		};
/* End PBXProject section */

/* Begin PBXResourcesBuildPhase section */
		F5A55820255A579C00271C30 /* Resources */ = {
			isa = PBXResourcesBuildPhase;
			buildActionMask = 2147483647;
			files = (
				F5A55832255A579C00271C30 /* LaunchScreen.storyboard in Resources */,
				F5A5582F255A579C00271C30 /* Assets.xcassets in Resources */,
				F5A5582D255A579C00271C30 /* Main.storyboard in Resources */,
			);
			runOnlyForDeploymentPostprocessing = 0;
		};
		F5A55836255A579C00271C30 /* Resources */ = {
			isa = PBXResourcesBuildPhase;
			buildActionMask = 2147483647;
			files = (
			);
			runOnlyForDeploymentPostprocessing = 0;
		};
		F5A55841255A579C00271C30 /* Resources */ = {
			isa = PBXResourcesBuildPhase;
			buildActionMask = 2147483647;
			files = (
			);
			runOnlyForDeploymentPostprocessing = 0;
		};
/* End PBXResourcesBuildPhase section */

/* Begin PBXSourcesBuildPhase section */
		F5A5581E255A579C00271C30 /* Sources */ = {
			isa = PBXSourcesBuildPhase;
			buildActionMask = 2147483647;
			files = (
				F5A5582A255A579C00271C30 /* MapScreen.swift in Sources */,
				F5A55826255A579C00271C30 /* AppDelegate.swift in Sources */,
				F5A55828255A579C00271C30 /* SceneDelegate.swift in Sources */,
			);
			runOnlyForDeploymentPostprocessing = 0;
		};
		F5A55834255A579C00271C30 /* Sources */ = {
			isa = PBXSourcesBuildPhase;
			buildActionMask = 2147483647;
			files = (
				F5A5583D255A579C00271C30 /* MappingTests.swift in Sources */,
			);
			runOnlyForDeploymentPostprocessing = 0;
		};
		F5A5583F255A579C00271C30 /* Sources */ = {
			isa = PBXSourcesBuildPhase;
			buildActionMask = 2147483647;
			files = (
				F5A55848255A579C00271C30 /* MappingUITests.swift in Sources */,
			);
			runOnlyForDeploymentPostprocessing = 0;
		};
/* End PBXSourcesBuildPhase section */

/* Begin PBXTargetDependency section */
		F5A5583A255A579C00271C30 /* PBXTargetDependency */ = {
			isa = PBXTargetDependency;
			target = F5A55821255A579C00271C30 /* BountyRunner */;
			targetProxy = F5A55839255A579C00271C30 /* PBXContainerItemProxy */;
		};
		F5A55845255A579C00271C30 /* PBXTargetDependency */ = {
			isa = PBXTargetDependency;
			target = F5A55821255A579C00271C30 /* BountyRunner */;
			targetProxy = F5A55844255A579C00271C30 /* PBXContainerItemProxy */;
		};
/* End PBXTargetDependency section */

/* Begin PBXVariantGroup section */
		F5A5582B255A579C00271C30 /* Main.storyboard */ = {
			isa = PBXVariantGroup;
			children = (
				F5A5582C255A579C00271C30 /* Base */,
			);
			name = Main.storyboard;
			sourceTree = "<group>";
		};
		F5A55830255A579C00271C30 /* LaunchScreen.storyboard */ = {
			isa = PBXVariantGroup;
			children = (
				F5A55831255A579C00271C30 /* Base */,
			);
			name = LaunchScreen.storyboard;
			sourceTree = "<group>";
		};
/* End PBXVariantGroup section */

/* Begin XCBuildConfiguration section */
		F5A5584A255A579C00271C30 /* Debug */ = {
			isa = XCBuildConfiguration;
			buildSettings = {
				ALWAYS_SEARCH_USER_PATHS = NO;
				CLANG_ANALYZER_NONNULL = YES;
				CLANG_ANALYZER_NUMBER_OBJECT_CONVERSION = YES_AGGRESSIVE;
				CLANG_CXX_LANGUAGE_STANDARD = "gnu++14";
				CLANG_CXX_LIBRARY = "libc++";
				CLANG_ENABLE_MODULES = YES;
				CLANG_ENABLE_OBJC_ARC = YES;
				CLANG_ENABLE_OBJC_WEAK = YES;
				CLANG_WARN_BLOCK_CAPTURE_AUTORELEASING = YES;
				CLANG_WARN_BOOL_CONVERSION = YES;
				CLANG_WARN_COMMA = YES;
				CLANG_WARN_CONSTANT_CONVERSION = YES;
				CLANG_WARN_DEPRECATED_OBJC_IMPLEMENTATIONS = YES;
				CLANG_WARN_DIRECT_OBJC_ISA_USAGE = YES_ERROR;
				CLANG_WARN_DOCUMENTATION_COMMENTS = YES;
				CLANG_WARN_EMPTY_BODY = YES;
				CLANG_WARN_ENUM_CONVERSION = YES;
				CLANG_WARN_INFINITE_RECURSION = YES;
				CLANG_WARN_INT_CONVERSION = YES;
				CLANG_WARN_NON_LITERAL_NULL_CONVERSION = YES;
				CLANG_WARN_OBJC_IMPLICIT_RETAIN_SELF = YES;
				CLANG_WARN_OBJC_LITERAL_CONVERSION = YES;
				CLANG_WARN_OBJC_ROOT_CLASS = YES_ERROR;
				CLANG_WARN_RANGE_LOOP_ANALYSIS = YES;
				CLANG_WARN_STRICT_PROTOTYPES = YES;
				CLANG_WARN_SUSPICIOUS_MOVE = YES;
				CLANG_WARN_UNGUARDED_AVAILABILITY = YES_AGGRESSIVE;
				CLANG_WARN_UNREACHABLE_CODE = YES;
				CLANG_WARN__DUPLICATE_METHOD_MATCH = YES;
				COPY_PHASE_STRIP = NO;
				DEBUG_INFORMATION_FORMAT = dwarf;
				ENABLE_STRICT_OBJC_MSGSEND = YES;
				ENABLE_TESTABILITY = YES;
				GCC_C_LANGUAGE_STANDARD = gnu11;
				GCC_DYNAMIC_NO_PIC = NO;
				GCC_NO_COMMON_BLOCKS = YES;
				GCC_OPTIMIZATION_LEVEL = 0;
				GCC_PREPROCESSOR_DEFINITIONS = (
					"DEBUG=1",
					"$(inherited)",
				);
				GCC_WARN_64_TO_32_BIT_CONVERSION = YES;
				GCC_WARN_ABOUT_RETURN_TYPE = YES_ERROR;
				GCC_WARN_UNDECLARED_SELECTOR = YES;
				GCC_WARN_UNINITIALIZED_AUTOS = YES_AGGRESSIVE;
				GCC_WARN_UNUSED_FUNCTION = YES;
				GCC_WARN_UNUSED_VARIABLE = YES;
				IPHONEOS_DEPLOYMENT_TARGET = 13.4;
				MTL_ENABLE_DEBUG_INFO = INCLUDE_SOURCE;
				MTL_FAST_MATH = YES;
				ONLY_ACTIVE_ARCH = YES;
				SDKROOT = iphoneos;
				SWIFT_ACTIVE_COMPILATION_CONDITIONS = DEBUG;
				SWIFT_OPTIMIZATION_LEVEL = "-Onone";
			};
			name = Debug;
		};
		F5A5584B255A579C00271C30 /* Release */ = {
			isa = XCBuildConfiguration;
			buildSettings = {
				ALWAYS_SEARCH_USER_PATHS = NO;
				CLANG_ANALYZER_NONNULL = YES;
				CLANG_ANALYZER_NUMBER_OBJECT_CONVERSION = YES_AGGRESSIVE;
				CLANG_CXX_LANGUAGE_STANDARD = "gnu++14";
				CLANG_CXX_LIBRARY = "libc++";
				CLANG_ENABLE_MODULES = YES;
				CLANG_ENABLE_OBJC_ARC = YES;
				CLANG_ENABLE_OBJC_WEAK = YES;
				CLANG_WARN_BLOCK_CAPTURE_AUTORELEASING = YES;
				CLANG_WARN_BOOL_CONVERSION = YES;
				CLANG_WARN_COMMA = YES;
				CLANG_WARN_CONSTANT_CONVERSION = YES;
				CLANG_WARN_DEPRECATED_OBJC_IMPLEMENTATIONS = YES;
				CLANG_WARN_DIRECT_OBJC_ISA_USAGE = YES_ERROR;
				CLANG_WARN_DOCUMENTATION_COMMENTS = YES;
				CLANG_WARN_EMPTY_BODY = YES;
				CLANG_WARN_ENUM_CONVERSION = YES;
				CLANG_WARN_INFINITE_RECURSION = YES;
				CLANG_WARN_INT_CONVERSION = YES;
				CLANG_WARN_NON_LITERAL_NULL_CONVERSION = YES;
				CLANG_WARN_OBJC_IMPLICIT_RETAIN_SELF = YES;
				CLANG_WARN_OBJC_LITERAL_CONVERSION = YES;
				CLANG_WARN_OBJC_ROOT_CLASS = YES_ERROR;
				CLANG_WARN_RANGE_LOOP_ANALYSIS = YES;
				CLANG_WARN_STRICT_PROTOTYPES = YES;
				CLANG_WARN_SUSPICIOUS_MOVE = YES;
				CLANG_WARN_UNGUARDED_AVAILABILITY = YES_AGGRESSIVE;
				CLANG_WARN_UNREACHABLE_CODE = YES;
				CLANG_WARN__DUPLICATE_METHOD_MATCH = YES;
				COPY_PHASE_STRIP = NO;
				DEBUG_INFORMATION_FORMAT = "dwarf-with-dsym";
				ENABLE_NS_ASSERTIONS = NO;
				ENABLE_STRICT_OBJC_MSGSEND = YES;
				GCC_C_LANGUAGE_STANDARD = gnu11;
				GCC_NO_COMMON_BLOCKS = YES;
				GCC_WARN_64_TO_32_BIT_CONVERSION = YES;
				GCC_WARN_ABOUT_RETURN_TYPE = YES_ERROR;
				GCC_WARN_UNDECLARED_SELECTOR = YES;
				GCC_WARN_UNINITIALIZED_AUTOS = YES_AGGRESSIVE;
				GCC_WARN_UNUSED_FUNCTION = YES;
				GCC_WARN_UNUSED_VARIABLE = YES;
				IPHONEOS_DEPLOYMENT_TARGET = 13.4;
				MTL_ENABLE_DEBUG_INFO = NO;
				MTL_FAST_MATH = YES;
				SDKROOT = iphoneos;
				SWIFT_COMPILATION_MODE = wholemodule;
				SWIFT_OPTIMIZATION_LEVEL = "-O";
				VALIDATE_PRODUCT = YES;
			};
			name = Release;
		};
		F5A5584D255A579C00271C30 /* Debug */ = {
			isa = XCBuildConfiguration;
			buildSettings = {
				ASSETCATALOG_COMPILER_APPICON_NAME = AppIcon;
				CODE_SIGN_STYLE = Automatic;
				DEVELOPMENT_TEAM = 65367833JZ;
				INFOPLIST_FILE = Mapping/Info.plist;
				LD_RUNPATH_SEARCH_PATHS = (
					"$(inherited)",
					"@executable_path/Frameworks",
				);
				PRODUCT_BUNDLE_IDENTIFIER = geoffreyhughes.Mapping;
				PRODUCT_NAME = "$(TARGET_NAME)";
				SWIFT_VERSION = 5.0;
				TARGETED_DEVICE_FAMILY = "1,2";
			};
			name = Debug;
		};
		F5A5584E255A579C00271C30 /* Release */ = {
			isa = XCBuildConfiguration;
			buildSettings = {
				ASSETCATALOG_COMPILER_APPICON_NAME = AppIcon;
				CODE_SIGN_STYLE = Automatic;
				DEVELOPMENT_TEAM = 65367833JZ;
				INFOPLIST_FILE = Mapping/Info.plist;
				LD_RUNPATH_SEARCH_PATHS = (
					"$(inherited)",
					"@executable_path/Frameworks",
				);
				PRODUCT_BUNDLE_IDENTIFIER = geoffreyhughes.Mapping;
				PRODUCT_NAME = "$(TARGET_NAME)";
				SWIFT_VERSION = 5.0;
				TARGETED_DEVICE_FAMILY = "1,2";
			};
			name = Release;
		};
		F5A55850255A579C00271C30 /* Debug */ = {
			isa = XCBuildConfiguration;
			buildSettings = {
				ALWAYS_EMBED_SWIFT_STANDARD_LIBRARIES = YES;
				BUNDLE_LOADER = "$(TEST_HOST)";
				CODE_SIGN_STYLE = Automatic;
				DEVELOPMENT_TEAM = 65367833JZ;
				INFOPLIST_FILE = MappingTests/Info.plist;
				IPHONEOS_DEPLOYMENT_TARGET = 13.4;
				LD_RUNPATH_SEARCH_PATHS = (
					"$(inherited)",
					"@executable_path/Frameworks",
					"@loader_path/Frameworks",
				);
				PRODUCT_BUNDLE_IDENTIFIER = geoffreyhughes.MappingTests;
				PRODUCT_NAME = "$(TARGET_NAME)";
				SWIFT_VERSION = 5.0;
				TARGETED_DEVICE_FAMILY = "1,2";
				TEST_HOST = "$(BUILT_PRODUCTS_DIR)/BountyRunner.app/BountyRunner";
			};
			name = Debug;
		};
		F5A55851255A579C00271C30 /* Release */ = {
			isa = XCBuildConfiguration;
			buildSettings = {
				ALWAYS_EMBED_SWIFT_STANDARD_LIBRARIES = YES;
				BUNDLE_LOADER = "$(TEST_HOST)";
				CODE_SIGN_STYLE = Automatic;
				DEVELOPMENT_TEAM = 65367833JZ;
				INFOPLIST_FILE = MappingTests/Info.plist;
				IPHONEOS_DEPLOYMENT_TARGET = 13.4;
				LD_RUNPATH_SEARCH_PATHS = (
					"$(inherited)",
					"@executable_path/Frameworks",
					"@loader_path/Frameworks",
				);
				PRODUCT_BUNDLE_IDENTIFIER = geoffreyhughes.MappingTests;
				PRODUCT_NAME = "$(TARGET_NAME)";
				SWIFT_VERSION = 5.0;
				TARGETED_DEVICE_FAMILY = "1,2";
				TEST_HOST = "$(BUILT_PRODUCTS_DIR)/BountyRunner.app/BountyRunner";
			};
			name = Release;
		};
		F5A55853255A579C00271C30 /* Debug */ = {
			isa = XCBuildConfiguration;
			buildSettings = {
				ALWAYS_EMBED_SWIFT_STANDARD_LIBRARIES = YES;
				CODE_SIGN_STYLE = Automatic;
				DEVELOPMENT_TEAM = 65367833JZ;
				INFOPLIST_FILE = MappingUITests/Info.plist;
				LD_RUNPATH_SEARCH_PATHS = (
					"$(inherited)",
					"@executable_path/Frameworks",
					"@loader_path/Frameworks",
				);
				PRODUCT_BUNDLE_IDENTIFIER = geoffreyhughes.MappingUITests;
				PRODUCT_NAME = "$(TARGET_NAME)";
				SWIFT_VERSION = 5.0;
				TARGETED_DEVICE_FAMILY = "1,2";
				TEST_TARGET_NAME = Mapping;
			};
			name = Debug;
		};
		F5A55854255A579C00271C30 /* Release */ = {
			isa = XCBuildConfiguration;
			buildSettings = {
				ALWAYS_EMBED_SWIFT_STANDARD_LIBRARIES = YES;
				CODE_SIGN_STYLE = Automatic;
				DEVELOPMENT_TEAM = 65367833JZ;
				INFOPLIST_FILE = MappingUITests/Info.plist;
				LD_RUNPATH_SEARCH_PATHS = (
					"$(inherited)",
					"@executable_path/Frameworks",
					"@loader_path/Frameworks",
				);
				PRODUCT_BUNDLE_IDENTIFIER = geoffreyhughes.MappingUITests;
				PRODUCT_NAME = "$(TARGET_NAME)";
				SWIFT_VERSION = 5.0;
				TARGETED_DEVICE_FAMILY = "1,2";
				TEST_TARGET_NAME = Mapping;
			};
			name = Release;
		};
/* End XCBuildConfiguration section */

/* Begin XCConfigurationList section */
		F5A5581D255A579B00271C30 /* Build configuration list for PBXProject "BountyRunner" */ = {
			isa = XCConfigurationList;
			buildConfigurations = (
				F5A5584A255A579C00271C30 /* Debug */,
				F5A5584B255A579C00271C30 /* Release */,
			);
			defaultConfigurationIsVisible = 0;
			defaultConfigurationName = Release;
		};
		F5A5584C255A579C00271C30 /* Build configuration list for PBXNativeTarget "BountyRunner" */ = {
			isa = XCConfigurationList;
			buildConfigurations = (
				F5A5584D255A579C00271C30 /* Debug */,
				F5A5584E255A579C00271C30 /* Release */,
			);
			defaultConfigurationIsVisible = 0;
			defaultConfigurationName = Release;
		};
		F5A5584F255A579C00271C30 /* Build configuration list for PBXNativeTarget "BountyRunnerTests" */ = {
			isa = XCConfigurationList;
			buildConfigurations = (
				F5A55850255A579C00271C30 /* Debug */,
				F5A55851255A579C00271C30 /* Release */,
			);
			defaultConfigurationIsVisible = 0;
			defaultConfigurationName = Release;
		};
		F5A55852255A579C00271C30 /* Build configuration list for PBXNativeTarget "BountyRunnerUITests" */ = {
			isa = XCConfigurationList;
			buildConfigurations = (
				F5A55853255A579C00271C30 /* Debug */,
				F5A55854255A579C00271C30 /* Release */,
			);
			defaultConfigurationIsVisible = 0;
			defaultConfigurationName = Release;
		};
/* End XCConfigurationList section */
	};
	rootObject = F5A5581A255A579B00271C30 /* Project object */;
}
